# THIS IS AN AUTOGENERATED FILE. DO NOT EDIT THIS FILE DIRECTLY.
# yarn lockfile v1


"@tsconfig/node-lts-strictest@^18.12.1":
  version "18.12.1"
  resolved "https://registry.yarnpkg.com/@tsconfig/node-lts-strictest/-/node-lts-strictest-18.12.1.tgz#9d574cc30c5d90e4b4517b4b3833ba9ca2897c51"
  integrity sha512-pn6cefRFlBVSEo5lO82bJnGmaptr90Wu8zCROkMUYXEz0f4AgCD65Guhq4u3PIuIlsYImaOmdoiHajx1gVTiQw==

typescript@^4.9.5:
  version "4.9.5"
  resolved "https://registry.yarnpkg.com/typescript/-/typescript-4.9.5.tgz#095979f9bcc0d09da324d58d03ce8f8374cbe65a"
  integrity sha512-1FXk9E2Hm+QzZQ7z+McJiHL4NW1F2EzMu9Nq9i3zAaGqibafqYwCVU6WyWAuyQRRzOlxou8xZSyXLEN8oKj24g==
